
Microsoft Visual Studio Solution File, Format Version 12.00
# Visual Studio Version 17
VisualStudioVersion = 17.9.34728.123
MinimumVisualStudioVersion = 10.0.40219.1
Project("{FAE04EC0-301F-11D3-BF4B-00C04F79EFBC}") = "ASPCoreExceptions", "ASPCoreExceptions\ASPCoreExceptions.csproj", "{007CFCE5-4FCE-4A60-AF4F-A7D5C50101D2}"
EndProject
Global
	GlobalSection(SolutionConfigurationPlatforms) = preSolution
		Debug|Any CPU = Debug|Any CPU
		Release|Any CPU = Release|Any CPU
	EndGlobalSection
	GlobalSection(ProjectConfigurationPlatforms) = postSolution
		{007CFCE5-4FCE-4A60-AF4F-A7D5C50101D2}.Debug|Any CPU.ActiveCfg = Debug|Any CPU
		{007CFCE5-4FCE-4A60-AF4F-A7D5C50101D2}.Debug|Any CPU.Build.0 = Debug|Any CPU
		{007CFCE5-4FCE-4A60-AF4F-A7D5C50101D2}.Release|Any CPU.ActiveCfg = Release|Any CPU
		{007CFCE5-4FCE-4A60-AF4F-A7D5C50101D2}.Release|Any CPU.Build.0 = Release|Any CPU
	EndGlobalSection
	GlobalSection(SolutionProperties) = preSolution
		HideSolutionNode = FALSE
	EndGlobalSection
	GlobalSection(ExtensibilityGlobals) = postSolution
		SolutionGuid = {37B0E2C1-D468-4A9F-BF94-5A29FBC61A35}
	EndGlobalSection
EndGlobal
